
Microsoft Visual Studio Solution File, Format Version 12.00
# Visual Studio Version 17
VisualStudioVersion = 17.14.36429.23 d17.14
MinimumVisualStudioVersion = 10.0.40219.1
Project("{FAE04EC0-301F-11D3-BF4B-00C04F79EFBC}") = "POEProg", "POEProg\POEProg.csproj", "{01523B2D-5424-4512-A9C5-5493E7D76402}"
EndProject
Global
	GlobalSection(SolutionConfigurationPlatforms) = preSolution
		Debug|Any CPU = Debug|Any CPU
		Release|Any CPU = Release|Any CPU
	EndGlobalSection
	GlobalSection(ProjectConfigurationPlatforms) = postSolution
		{01523B2D-5424-4512-A9C5-5493E7D76402}.Debug|Any CPU.ActiveCfg = Debug|Any CPU
		{01523B2D-5424-4512-A9C5-5493E7D76402}.Debug|Any CPU.Build.0 = Debug|Any CPU
		{01523B2D-5424-4512-A9C5-5493E7D76402}.Release|Any CPU.ActiveCfg = Release|Any CPU
		{01523B2D-5424-4512-A9C5-5493E7D76402}.Release|Any CPU.Build.0 = Release|Any CPU
	EndGlobalSection
	GlobalSection(SolutionProperties) = preSolution
		HideSolutionNode = FALSE
	EndGlobalSection
	GlobalSection(ExtensibilityGlobals) = postSolution
		SolutionGuid = {6B1E8E19-9F8B-43D2-8D8A-324824BCF516}
	EndGlobalSection
EndGlobal
